// !$*UTF8*$!
{
	archiveVersion = 1;
	classes = {
	};
	objectVersion = 77;
	objects = {

/* Begin PBXBuildFile section */
		AA1000000000000000000700 /* BotDomain in Frameworks */ = {isa = PBXBuildFile; productRef = AA1000000000000000000901 /* BotDomain */; };
		AA1000000000000000000701 /* BotFormatting in Frameworks */ = {isa = PBXBuildFile; productRef = AA1000000000000000000902 /* BotFormatting */; };
		AA1000000000000000000702 /* BotDataKit in Frameworks */ = {isa = PBXBuildFile; productRef = AA1000000000000000000903 /* BotDataKit */; };
		AA1000000000000000000703 /* BotDesignSystem in Frameworks */ = {isa = PBXBuildFile; productRef = AA1000000000000000000904 /* BotDesignSystem */; };
/* End PBXBuildFile section */

/* Begin PBXFileReference section */
		AA1000000000000000000003 /* TradingBot.app */ = {isa = PBXFileReference; explicitFileType = wrapper.application; includeInIndex = 0; path = TradingBot.app; sourceTree = BUILT_PRODUCTS_DIR; };
		AA1000000000000000000004 /* TradingBotTests.xctest */ = {isa = PBXFileReference; explicitFileType = wrapper.cfbundle; includeInIndex = 0; path = TradingBotTests.xctest; sourceTree = BUILT_PRODUCTS_DIR; };
		AA1000000000000000000005 /* TradingBotUITests.xctest */ = {isa = PBXFileReference; explicitFileType = wrapper.cfbundle; includeInIndex = 0; path = TradingBotUITests.xctest; sourceTree = BUILT_PRODUCTS_DIR; };
/* End PBXFileReference section */

/* Begin PBXFileSystemSynchronizedRootGroup section */
		AA1000000000000000000010 /* TradingBot */ = {
			isa = PBXFileSystemSynchronizedRootGroup;
			path = TradingBot;
			sourceTree = "<group>";
		};
		AA1000000000000000000011 /* TradingBotTests */ = {
			isa = PBXFileSystemSynchronizedRootGroup;
			path = TradingBotTests;
			sourceTree = "<group>";
		};
		AA1000000000000000000012 /* TradingBotUITests */ = {
			isa = PBXFileSystemSynchronizedRootGroup;
			path = TradingBotUITests;
			sourceTree = "<group>";
		};
/* End PBXFileSystemSynchronizedRootGroup section */

/* Begin PBXFrameworksBuildPhase section */
		AA1000000000000000000020 /* Frameworks */ = {
			isa = PBXFrameworksBuildPhase;
			buildActionMask = 2147483647;
			files = (
				AA1000000000000000000700 /* BotDomain in Frameworks */,
				AA1000000000000000000701 /* BotFormatting in Frameworks */,
				AA1000000000000000000702 /* BotDataKit in Frameworks */,
				AA1000000000000000000703 /* BotDesignSystem in Frameworks */,
			);
			runOnlyForDeploymentPostprocessing = 0;
		};
		AA1000000000000000000021 /* Frameworks */ = {
			isa = PBXFrameworksBuildPhase;
			buildActionMask = 2147483647;
			files = (
			);
			runOnlyForDeploymentPostprocessing = 0;
		};
		AA1000000000000000000022 /* Frameworks */ = {
			isa = PBXFrameworksBuildPhase;
			buildActionMask = 2147483647;
			files = (
			);
			runOnlyForDeploymentPostprocessing = 0;
		};
/* End PBXFrameworksBuildPhase section */

/* Begin PBXGroup section */
		AA1000000000000000000001 = {
			isa = PBXGroup;
			children = (
				AA1000000000000000000010 /* TradingBot */,
				AA1000000000000000000011 /* TradingBotTests */,
				AA1000000000000000000012 /* TradingBotUITests */,
				AA1000000000000000000002 /* Products */,
			);
			sourceTree = "<group>";
		};
		AA1000000000000000000002 /* Products */ = {
			isa = PBXGroup;
			children = (
				AA1000000000000000000003 /* TradingBot.app */,
				AA1000000000000000000004 /* TradingBotTests.xctest */,
				AA1000000000000000000005 /* TradingBotUITests.xctest */,
			);
			name = Products;
			sourceTree = "<group>";
		};
/* End PBXGroup section */

/* Begin PBXNativeTarget section */
		AA1000000000000000000100 /* TradingBot */ = {
			isa = PBXNativeTarget;
			buildConfigurationList = AA1000000000000000000300 /* Build configuration list for PBXNativeTarget "TradingBot" */;
			buildPhases = (
				AA1000000000000000000200 /* Sources */,
				AA1000000000000000000020 /* Frameworks */,
				AA1000000000000000000201 /* Resources */,
			);
			buildRules = (
			);
			dependencies = (
			);
			fileSystemSynchronizedGroups = (
				AA1000000000000000000010 /* TradingBot */,
			);
			name = TradingBot;
			packageProductDependencies = (
				AA1000000000000000000901 /* BotDomain */,
				AA1000000000000000000902 /* BotFormatting */,
				AA1000000000000000000903 /* BotDataKit */,
				AA1000000000000000000904 /* BotDesignSystem */,
			);
			productName = TradingBot;
			productReference = AA1000000000000000000003 /* TradingBot.app */;
			productType = "com.apple.product-type.application";
		};
		AA1000000000000000000101 /* TradingBotTests */ = {
			isa = PBXNativeTarget;
			buildConfigurationList = AA1000000000000000000301 /* Build configuration list for PBXNativeTarget "TradingBotTests" */;
			buildPhases = (
				AA1000000000000000000202 /* Sources */,
				AA1000000000000000000021 /* Frameworks */,
			);
			buildRules = (
			);
			dependencies = (
				AA1000000000000000000400 /* PBXTargetDependency */,
			);
			fileSystemSynchronizedGroups = (
				AA1000000000000000000011 /* TradingBotTests */,
			);
			name = TradingBotTests;
			packageProductDependencies = (
				AA1000000000000000000901 /* BotDomain */,
				AA1000000000000000000902 /* BotFormatting */,
				AA1000000000000000000903 /* BotDataKit */,
				AA1000000000000000000904 /* BotDesignSystem */,
			);
			productName = TradingBotTests;
			productReference = AA1000000000000000000004 /* TradingBotTests.xctest */;
			productType = "com.apple.product-type.bundle.unit-test";
		};
		AA1000000000000000000102 /* TradingBotUITests */ = {
			isa = PBXNativeTarget;
			buildConfigurationList = AA1000000000000000000302 /* Build configuration list for PBXNativeTarget "TradingBotUITests" */;
			buildPhases = (
				AA1000000000000000000203 /* Sources */,
				AA1000000000000000000022 /* Frameworks */,
			);
			buildRules = (
			);
			dependencies = (
				AA1000000000000000000401 /* PBXTargetDependency */,
			);
			fileSystemSynchronizedGroups = (
				AA1000000000000000000012 /* TradingBotUITests */,
			);
			name = TradingBotUITests;
			packageProductDependencies = (
			);
			productName = TradingBotUITests;
			productReference = AA1000000000000000000005 /* TradingBotUITests.xctest */;
			productType = "com.apple.product-type.bundle.ui-testing";
		};
/* End PBXNativeTarget section */

/* Begin XCLocalSwiftPackageReference section */
		AA1000000000000000000900 /* XCLocalSwiftPackageReference "Packages/TradingBotKit" */ = {
			isa = XCLocalSwiftPackageReference;
			relativePath = Packages/TradingBotKit;
		};
/* End XCLocalSwiftPackageReference section */

/* Begin XCSwiftPackageProductDependency section */
		AA1000000000000000000901 /* BotDomain */ = {
			isa = XCSwiftPackageProductDependency;
			productName = BotDomain;
		};
		AA1000000000000000000902 /* BotFormatting */ = {
			isa = XCSwiftPackageProductDependency;
			productName = BotFormatting;
		};
		AA1000000000000000000903 /* BotDataKit */ = {
			isa = XCSwiftPackageProductDependency;
			productName = BotDataKit;
		};
		AA1000000000000000000904 /* BotDesignSystem */ = {
			isa = XCSwiftPackageProductDependency;
			productName = BotDesignSystem;
		};
/* End XCSwiftPackageProductDependency section */

/* Begin PBXProject section */
		AA1000000000000000000000 /* Project object */ = {
			isa = PBXProject;
			attributes = {
				BuildIndependentTargetsInParallel = 1;
				LastSwiftUpdateCheck = 2600;
				LastUpgradeCheck = 2600;
				TargetAttributes = {
					AA1000000000000000000100 = {
						CreatedOnToolsVersion = 26.0;
					};
					AA1000000000000000000101 = {
						CreatedOnToolsVersion = 26.0;
						TestTargetID = AA1000000000000000000100;
					};
					AA1000000000000000000102 = {
						CreatedOnToolsVersion = 26.0;
						TestTargetID = AA1000000000000000000100;
					};
				};
			};
			buildConfigurationList = AA1000000000000000000303 /* Build configuration list for PBXProject "TradingBot" */;
			compatibilityVersion = "Xcode 15.0";
			developmentRegion = en;
			hasScannedForEncodings = 0;
			knownRegions = (
				en,
				Base,
			);
			mainGroup = AA1000000000000000000001;
			packageReferences = (
				AA1000000000000000000900 /* XCLocalSwiftPackageReference "Packages/TradingBotKit" */,
			);
			minimizedProjectReferenceProxies = 1;
			preferredProjectObjectVersion = 77;
			productRefGroup = AA1000000000000000000002 /* Products */;
			projectDirPath = "";
			projectRoot = "";
			targets = (
				AA1000000000000000000100 /* TradingBot */,
				AA1000000000000000000101 /* TradingBotTests */,
				AA1000000000000000000102 /* TradingBotUITests */,
			);
		};
/* End PBXProject section */

/* Begin PBXResourcesBuildPhase section */
		AA1000000000000000000201 /* Resources */ = {
			isa = PBXResourcesBuildPhase;
			buildActionMask = 2147483647;
			files = (
			);
			runOnlyForDeploymentPostprocessing = 0;
		};
/* End PBXResourcesBuildPhase section */

/* Begin PBXSourcesBuildPhase section */
		AA1000000000000000000200 /* Sources */ = {
			isa = PBXSourcesBuildPhase;
			buildActionMask = 2147483647;
			files = (
			);
			runOnlyForDeploymentPostprocessing = 0;
		};
		AA1000000000000000000202 /* Sources */ = {
			isa = PBXSourcesBuildPhase;
			buildActionMask = 2147483647;
			files = (
			);
			runOnlyForDeploymentPostprocessing = 0;
		};
		AA1000000000000000000203 /* Sources */ = {
			isa = PBXSourcesBuildPhase;
			buildActionMask = 2147483647;
			files = (
			);
			runOnlyForDeploymentPostprocessing = 0;
		};
/* End PBXSourcesBuildPhase section */

/* Begin PBXTargetDependency section */
		AA1000000000000000000400 /* PBXTargetDependency */ = {
			isa = PBXTargetDependency;
			target = AA1000000000000000000100 /* TradingBot */;
			targetProxy = AA1000000000000000000500 /* PBXContainerItemProxy */;
		};
		AA1000000000000000000401 /* PBXTargetDependency */ = {
			isa = PBXTargetDependency;
			target = AA1000000000000000000100 /* TradingBot */;
			targetProxy = AA1000000000000000000501 /* PBXContainerItemProxy */;
		};
/* End PBXTargetDependency section */

/* Begin PBXContainerItemProxy section */
		AA1000000000000000000500 /* PBXContainerItemProxy */ = {
			isa = PBXContainerItemProxy;
			containerPortal = AA1000000000000000000000 /* Project object */;
			proxyType = 1;
			remoteGlobalIDString = AA1000000000000000000100;
			remoteInfo = TradingBot;
		};
		AA1000000000000000000501 /* PBXContainerItemProxy */ = {
			isa = PBXContainerItemProxy;
			containerPortal = AA1000000000000000000000 /* Project object */;
			proxyType = 1;
			remoteGlobalIDString = AA1000000000000000000100;
			remoteInfo = TradingBot;
		};
/* End PBXContainerItemProxy section */

/* Begin XCBuildConfiguration section */
		AA1000000000000000000600 /* Debug */ = {
			isa = XCBuildConfiguration;
			buildSettings = {
				ALWAYS_SEARCH_USER_PATHS = NO;
				ASSETCATALOG_COMPILER_GENERATE_SWIFT_ASSET_SYMBOL_EXTENSIONS = YES;
				CLANG_ANALYZER_NONNULL = YES;
				CLANG_ANALYZER_NUMBER_OBJECT_CONVERSION = YES_AGGRESSIVE;
				CLANG_CXX_LANGUAGE_STANDARD = "gnu++20";
				CLANG_ENABLE_MODULES = YES;
				CLANG_ENABLE_OBJC_ARC = YES;
				CLANG_ENABLE_OBJC_WEAK = YES;
				CLANG_WARN_BLOCK_CAPTURE_AUTORELEASING = YES;
				CLANG_WARN_BOOL_CONVERSION = YES;
				CLANG_WARN_COMMA = YES;
				CLANG_WARN_CONSTANT_CONVERSION = YES;
				CLANG_WARN_DEPRECATED_OBJC_IMPLEMENTATIONS = YES;
				CLANG_WARN_DIRECT_OBJC_ISA_USAGE = YES_ERROR;
				CLANG_WARN_DOCUMENTATION_COMMENTS = YES;
				CLANG_WARN_EMPTY_BODY = YES;
				CLANG_WARN_ENUM_CONVERSION = YES;
				CLANG_WARN_INFINITE_RECURSION = YES;
				CLANG_WARN_INT_CONVERSION = YES;
				CLANG_WARN_NON_LITERAL_NULL_CONVERSION = YES;
				CLANG_WARN_OBJC_IMPLICIT_RETAIN_SELF = YES;
				CLANG_WARN_OBJC_LITERAL_CONVERSION = YES;
				CLANG_WARN_OBJC_ROOT_CLASS = YES_ERROR;
				CLANG_WARN_QUOTED_INCLUDE_IN_FRAMEWORK_HEADER = YES;
				CLANG_WARN_RANGE_LOOP_ANALYSIS = YES;
				CLANG_WARN_STRICT_PROTOTYPES = YES;
				CLANG_WARN_SUSPICIOUS_MOVE = YES;
				CLANG_WARN_UNGUARDED_AVAILABILITY = YES_AGGRESSIVE;
				CLANG_WARN_UNREACHABLE_CODE = YES;
				CLANG_WARN__DUPLICATE_METHOD_MATCH = YES;
				COPY_PHASE_STRIP = NO;
				DEBUG_INFORMATION_FORMAT = dwarf;
				ENABLE_STRICT_OBJC_MSGSEND = YES;
				ENABLE_TESTABILITY = YES;
				ENABLE_USER_SCRIPT_SANDBOXING = YES;
				GCC_C_LANGUAGE_STANDARD = gnu17;
				GCC_DYNAMIC_NO_PIC = NO;
				GCC_NO_COMMON_BLOCKS = YES;
				GCC_OPTIMIZATION_LEVEL = 0;
				GCC_PREPROCESSOR_DEFINITIONS = (
					"DEBUG=1",
					"$(inherited)",
				);
				GCC_WARN_64_TO_32_BIT_CONVERSION = YES;
				GCC_WARN_ABOUT_RETURN_TYPE = YES_ERROR;
				GCC_WARN_UNDECLARED_SELECTOR = YES;
				GCC_WARN_UNINITIALIZED_AUTOS = YES_AGGRESSIVE;
				GCC_WARN_UNUSED_FUNCTION = YES;
				GCC_WARN_UNUSED_VARIABLE = YES;
				IPHONEOS_DEPLOYMENT_TARGET = 18.0;
				LOCALIZATION_PREFERS_STRING_CATALOGS = YES;
				MTL_ENABLE_DEBUG_INFO = INCLUDE_SOURCE;
				MTL_FAST_MATH = YES;
				ONLY_ACTIVE_ARCH = YES;
				SDKROOT = iphoneos;
				SWIFT_ACTIVE_COMPILATION_CONDITIONS = "DEBUG $(inherited)";
				SWIFT_OPTIMIZATION_LEVEL = "-Onone";
			};
			name = Debug;
		};
		AA1000000000000000000601 /* Release */ = {
			isa = XCBuildConfiguration;
			buildSettings = {
				ALWAYS_SEARCH_USER_PATHS = NO;
				ASSETCATALOG_COMPILER_GENERATE_SWIFT_ASSET_SYMBOL_EXTENSIONS = YES;
				CLANG_ANALYZER_NONNULL = YES;
				CLANG_ANALYZER_NUMBER_OBJECT_CONVERSION = YES_AGGRESSIVE;
				CLANG_CXX_LANGUAGE_STANDARD = "gnu++20";
				CLANG_ENABLE_MODULES = YES;
				CLANG_ENABLE_OBJC_ARC = YES;
				CLANG_ENABLE_OBJC_WEAK = YES;
				CLANG_WARN_BLOCK_CAPTURE_AUTORELEASING = YES;
				CLANG_WARN_BOOL_CONVERSION = YES;
				CLANG_WARN_COMMA = YES;
				CLANG_WARN_CONSTANT_CONVERSION = YES;
				CLANG_WARN_DEPRECATED_OBJC_IMPLEMENTATIONS = YES;
				CLANG_WARN_DIRECT_OBJC_ISA_USAGE = YES_ERROR;
				CLANG_WARN_DOCUMENTATION_COMMENTS = YES;
				CLANG_WARN_EMPTY_BODY = YES;
				CLANG_WARN_ENUM_CONVERSION = YES;
				CLANG_WARN_INFINITE_RECURSION = YES;
				CLANG_WARN_INT_CONVERSION = YES;
				CLANG_WARN_NON_LITERAL_NULL_CONVERSION = YES;
				CLANG_WARN_OBJC_IMPLICIT_RETAIN_SELF = YES;
				CLANG_WARN_OBJC_LITERAL_CONVERSION = YES;
				CLANG_WARN_OBJC_ROOT_CLASS = YES_ERROR;
				CLANG_WARN_QUOTED_INCLUDE_IN_FRAMEWORK_HEADER = YES;
				CLANG_WARN_RANGE_LOOP_ANALYSIS = YES;
				CLANG_WARN_STRICT_PROTOTYPES = YES;
				CLANG_WARN_SUSPICIOUS_MOVE = YES;
				CLANG_WARN_UNGUARDED_AVAILABILITY = YES_AGGRESSIVE;
				CLANG_WARN_UNREACHABLE_CODE = YES;
				CLANG_WARN__DUPLICATE_METHOD_MATCH = YES;
				COPY_PHASE_STRIP = NO;
				DEBUG_INFORMATION_FORMAT = "dwarf-with-dsym";
				ENABLE_NS_ASSERTIONS = NO;
				ENABLE_STRICT_OBJC_MSGSEND = YES;
				ENABLE_USER_SCRIPT_SANDBOXING = YES;
				GCC_C_LANGUAGE_STANDARD = gnu17;
				GCC_NO_COMMON_BLOCKS = YES;
				GCC_WARN_64_TO_32_BIT_CONVERSION = YES;
				GCC_WARN_ABOUT_RETURN_TYPE = YES_ERROR;
				GCC_WARN_UNDECLARED_SELECTOR = YES;
				GCC_WARN_UNINITIALIZED_AUTOS = YES_AGGRESSIVE;
				GCC_WARN_UNUSED_FUNCTION = YES;
				GCC_WARN_UNUSED_VARIABLE = YES;
				IPHONEOS_DEPLOYMENT_TARGET = 18.0;
				LOCALIZATION_PREFERS_STRING_CATALOGS = YES;
				MTL_ENABLE_DEBUG_INFO = NO;
				MTL_FAST_MATH = YES;
				SDKROOT = iphoneos;
				SWIFT_COMPILATION_MODE = wholemodule;
				VALIDATE_PRODUCT = YES;
			};
			name = Release;
		};
		AA1000000000000000000602 /* Debug */ = {
			isa = XCBuildConfiguration;
			buildSettings = {
				ASSETCATALOG_COMPILER_APPICON_NAME = AppIcon;
				ASSETCATALOG_COMPILER_GLOBAL_ACCENT_COLOR_NAME = AccentColor;
				CODE_SIGN_STYLE = Automatic;
				CURRENT_PROJECT_VERSION = 1;
				DEVELOPMENT_TEAM = "";
				ENABLE_PREVIEWS = YES;
				GENERATE_INFOPLIST_FILE = YES;
				INFOPLIST_KEY_UIApplicationSceneManifest_Generation = YES;
				INFOPLIST_KEY_UIApplicationSupportsIndirectInputEvents = YES;
				INFOPLIST_KEY_UILaunchScreen_Generation = YES;
				INFOPLIST_KEY_UISupportedInterfaceOrientations_iPhone = "UIInterfaceOrientationPortrait UIInterfaceOrientationLandscapeLeft UIInterfaceOrientationLandscapeRight";
				INFOPLIST_KEY_UISupportedInterfaceOrientations_iPad = "UIInterfaceOrientationPortrait UIInterfaceOrientationPortraitUpsideDown UIInterfaceOrientationLandscapeLeft UIInterfaceOrientationLandscapeRight";
				IPHONEOS_DEPLOYMENT_TARGET = 18.0;
				LD_RUNPATH_SEARCH_PATHS = (
					"$(inherited)",
					"@executable_path/Frameworks",
				);
				MARKETING_VERSION = 1.0;
				PRODUCT_BUNDLE_IDENTIFIER = com.tradingbot.ios;
				PRODUCT_NAME = "$(TARGET_NAME)";
				SDKROOT = iphoneos;
				SWIFT_EMIT_LOC_STRINGS = YES;
				SWIFT_STRICT_CONCURRENCY = complete;
				SWIFT_VERSION = 6.0;
				TARGETED_DEVICE_FAMILY = "1,2";
			};
			name = Debug;
		};
		AA1000000000000000000603 /* Release */ = {
			isa = XCBuildConfiguration;
			buildSettings = {
				ASSETCATALOG_COMPILER_APPICON_NAME = AppIcon;
				ASSETCATALOG_COMPILER_GLOBAL_ACCENT_COLOR_NAME = AccentColor;
				CODE_SIGN_STYLE = Automatic;
				CURRENT_PROJECT_VERSION = 1;
				DEVELOPMENT_TEAM = "";
				ENABLE_PREVIEWS = YES;
				GENERATE_INFOPLIST_FILE = YES;
				INFOPLIST_KEY_UIApplicationSceneManifest_Generation = YES;
				INFOPLIST_KEY_UIApplicationSupportsIndirectInputEvents = YES;
				INFOPLIST_KEY_UILaunchScreen_Generation = YES;
				INFOPLIST_KEY_UISupportedInterfaceOrientations_iPhone = "UIInterfaceOrientationPortrait UIInterfaceOrientationLandscapeLeft UIInterfaceOrientationLandscapeRight";
				INFOPLIST_KEY_UISupportedInterfaceOrientations_iPad = "UIInterfaceOrientationPortrait UIInterfaceOrientationPortraitUpsideDown UIInterfaceOrientationLandscapeLeft UIInterfaceOrientationLandscapeRight";
				IPHONEOS_DEPLOYMENT_TARGET = 18.0;
				LD_RUNPATH_SEARCH_PATHS = (
					"$(inherited)",
					"@executable_path/Frameworks",
				);
				MARKETING_VERSION = 1.0;
				PRODUCT_BUNDLE_IDENTIFIER = com.tradingbot.ios;
				PRODUCT_NAME = "$(TARGET_NAME)";
				SDKROOT = iphoneos;
				SWIFT_EMIT_LOC_STRINGS = YES;
				SWIFT_STRICT_CONCURRENCY = complete;
				SWIFT_VERSION = 6.0;
				TARGETED_DEVICE_FAMILY = "1,2";
			};
			name = Release;
		};
		AA1000000000000000000604 /* Debug */ = {
			isa = XCBuildConfiguration;
			buildSettings = {
				BUNDLE_LOADER = "$(TEST_HOST)";
				CODE_SIGN_STYLE = Automatic;
				CURRENT_PROJECT_VERSION = 1;
				DEVELOPMENT_TEAM = "";
				GENERATE_INFOPLIST_FILE = YES;
				IPHONEOS_DEPLOYMENT_TARGET = 18.0;
				MARKETING_VERSION = 1.0;
				PRODUCT_BUNDLE_IDENTIFIER = com.tradingbot.ios.tests;
				PRODUCT_NAME = "$(TARGET_NAME)";
				SDKROOT = iphoneos;
				SWIFT_EMIT_LOC_STRINGS = NO;
				SWIFT_VERSION = 6.0;
				TARGETED_DEVICE_FAMILY = "1,2";
				TEST_HOST = "$(BUILT_PRODUCTS_DIR)/TradingBot.app/$(BUNDLE_EXECUTABLE_FOLDER_PATH)/TradingBot";
			};
			name = Debug;
		};
		AA1000000000000000000605 /* Release */ = {
			isa = XCBuildConfiguration;
			buildSettings = {
				BUNDLE_LOADER = "$(TEST_HOST)";
				CODE_SIGN_STYLE = Automatic;
				CURRENT_PROJECT_VERSION = 1;
				DEVELOPMENT_TEAM = "";
				GENERATE_INFOPLIST_FILE = YES;
				IPHONEOS_DEPLOYMENT_TARGET = 18.0;
				MARKETING_VERSION = 1.0;
				PRODUCT_BUNDLE_IDENTIFIER = com.tradingbot.ios.tests;
				PRODUCT_NAME = "$(TARGET_NAME)";
				SDKROOT = iphoneos;
				SWIFT_EMIT_LOC_STRINGS = NO;
				SWIFT_VERSION = 6.0;
				TARGETED_DEVICE_FAMILY = "1,2";
				TEST_HOST = "$(BUILT_PRODUCTS_DIR)/TradingBot.app/$(BUNDLE_EXECUTABLE_FOLDER_PATH)/TradingBot";
			};
			name = Release;
		};
		AA1000000000000000000606 /* Debug */ = {
			isa = XCBuildConfiguration;
			buildSettings = {
				CODE_SIGN_STYLE = Automatic;
				CURRENT_PROJECT_VERSION = 1;
				DEVELOPMENT_TEAM = "";
				GENERATE_INFOPLIST_FILE = YES;
				IPHONEOS_DEPLOYMENT_TARGET = 18.0;
				MARKETING_VERSION = 1.0;
				PRODUCT_BUNDLE_IDENTIFIER = com.tradingbot.ios.uitests;
				PRODUCT_NAME = "$(TARGET_NAME)";
				SDKROOT = iphoneos;
				SWIFT_EMIT_LOC_STRINGS = NO;
				SWIFT_VERSION = 6.0;
				TARGETED_DEVICE_FAMILY = "1,2";
				TEST_TARGET_NAME = TradingBot;
			};
			name = Debug;
		};
		AA1000000000000000000607 /* Release */ = {
			isa = XCBuildConfiguration;
			buildSettings = {
				CODE_SIGN_STYLE = Automatic;
				CURRENT_PROJECT_VERSION = 1;
				DEVELOPMENT_TEAM = "";
				GENERATE_INFOPLIST_FILE = YES;
				IPHONEOS_DEPLOYMENT_TARGET = 18.0;
				MARKETING_VERSION = 1.0;
				PRODUCT_BUNDLE_IDENTIFIER = com.tradingbot.ios.uitests;
				PRODUCT_NAME = "$(TARGET_NAME)";
				SDKROOT = iphoneos;
				SWIFT_EMIT_LOC_STRINGS = NO;
				SWIFT_VERSION = 6.0;
				TARGETED_DEVICE_FAMILY = "1,2";
				TEST_TARGET_NAME = TradingBot;
			};
			name = Release;
		};
/* End XCBuildConfiguration section */

/* Begin XCConfigurationList section */
		AA1000000000000000000300 /* Build configuration list for PBXNativeTarget "TradingBot" */ = {
			isa = XCConfigurationList;
			buildConfigurations = (
				AA1000000000000000000602 /* Debug */,
				AA1000000000000000000603 /* Release */,
			);
			defaultConfigurationIsVisible = 0;
			defaultConfigurationName = Release;
		};
		AA1000000000000000000301 /* Build configuration list for PBXNativeTarget "TradingBotTests" */ = {
			isa = XCConfigurationList;
			buildConfigurations = (
				AA1000000000000000000604 /* Debug */,
				AA1000000000000000000605 /* Release */,
			);
			defaultConfigurationIsVisible = 0;
			defaultConfigurationName = Release;
		};
		AA1000000000000000000302 /* Build configuration list for PBXNativeTarget "TradingBotUITests" */ = {
			isa = XCConfigurationList;
			buildConfigurations = (
				AA1000000000000000000606 /* Debug */,
				AA1000000000000000000607 /* Release */,
			);
			defaultConfigurationIsVisible = 0;
			defaultConfigurationName = Release;
		};
		AA1000000000000000000303 /* Build configuration list for PBXProject "TradingBot" */ = {
			isa = XCConfigurationList;
			buildConfigurations = (
				AA1000000000000000000600 /* Debug */,
				AA1000000000000000000601 /* Release */,
			);
			defaultConfigurationIsVisible = 0;
			defaultConfigurationName = Release;
		};
/* End XCConfigurationList section */
	};
	rootObject = AA1000000000000000000000 /* Project object */;
}
